
Microsoft Visual Studio Solution File, Format Version 12.00
# Visual Studio Version 17
VisualStudioVersion = 17.1.32210.238
MinimumVisualStudioVersion = 10.0.40219.1
Project("{FAE04EC0-301F-11D3-BF4B-00C04F79EFBC}") = "Sifreli_veriler", "Sifreli_veriler\Sifreli_veriler.csproj", "{87B8E343-5534-4847-AA3E-FC814EBC48CB}"
EndProject
Global
	GlobalSection(SolutionConfigurationPlatforms) = preSolution
		Debug|Any CPU = Debug|Any CPU
		Release|Any CPU = Release|Any CPU
	EndGlobalSection
	GlobalSection(ProjectConfigurationPlatforms) = postSolution
		{87B8E343-5534-4847-AA3E-FC814EBC48CB}.Debug|Any CPU.ActiveCfg = Debug|Any CPU
		{87B8E343-5534-4847-AA3E-FC814EBC48CB}.Debug|Any CPU.Build.0 = Debug|Any CPU
		{87B8E343-5534-4847-AA3E-FC814EBC48CB}.Release|Any CPU.ActiveCfg = Release|Any CPU
		{87B8E343-5534-4847-AA3E-FC814EBC48CB}.Release|Any CPU.Build.0 = Release|Any CPU
	EndGlobalSection
	GlobalSection(SolutionProperties) = preSolution
		HideSolutionNode = FALSE
	EndGlobalSection
	GlobalSection(ExtensibilityGlobals) = postSolution
		SolutionGuid = {8CBE2432-EA74-4D1B-8BD4-204579C57B9E}
	EndGlobalSection
EndGlobal
